
Microsoft Visual Studio Solution File, Format Version 12.00
# Visual Studio Version 16
VisualStudioVersion = 16.0.32630.194
MinimumVisualStudioVersion = 10.0.40219.1
Project("{FAE04EC0-301F-11D3-BF4B-00C04F79EFBC}") = "Vista", "tp-winform\Vista.csproj", "{894BA423-D4FF-4B48-B7A3-50ACE6098EFB}"
EndProject
Project("{FAE04EC0-301F-11D3-BF4B-00C04F79EFBC}") = "Controlador", "Controlador\Controlador.csproj", "{6F5B5660-F337-487A-8EC3-8A9CE43B63D4}"
EndProject
Project("{FAE04EC0-301F-11D3-BF4B-00C04F79EFBC}") = "Dominio", "Dominio\Dominio.csproj", "{461971C5-CC43-4595-84AD-A528B43A27E0}"
EndProject
Global
	GlobalSection(SolutionConfigurationPlatforms) = preSolution
		Debug|Any CPU = Debug|Any CPU
		Release|Any CPU = Release|Any CPU
	EndGlobalSection
	GlobalSection(ProjectConfigurationPlatforms) = postSolution
		{894BA423-D4FF-4B48-B7A3-50ACE6098EFB}.Debug|Any CPU.ActiveCfg = Debug|Any CPU
		{894BA423-D4FF-4B48-B7A3-50ACE6098EFB}.Debug|Any CPU.Build.0 = Debug|Any CPU
		{894BA423-D4FF-4B48-B7A3-50ACE6098EFB}.Release|Any CPU.ActiveCfg = Release|Any CPU
		{894BA423-D4FF-4B48-B7A3-50ACE6098EFB}.Release|Any CPU.Build.0 = Release|Any CPU
		{6F5B5660-F337-487A-8EC3-8A9CE43B63D4}.Debug|Any CPU.ActiveCfg = Debug|Any CPU
		{6F5B5660-F337-487A-8EC3-8A9CE43B63D4}.Debug|Any CPU.Build.0 = Debug|Any CPU
		{6F5B5660-F337-487A-8EC3-8A9CE43B63D4}.Release|Any CPU.ActiveCfg = Release|Any CPU
		{6F5B5660-F337-487A-8EC3-8A9CE43B63D4}.Release|Any CPU.Build.0 = Release|Any CPU
		{461971C5-CC43-4595-84AD-A528B43A27E0}.Debug|Any CPU.ActiveCfg = Debug|Any CPU
		{461971C5-CC43-4595-84AD-A528B43A27E0}.Debug|Any CPU.Build.0 = Debug|Any CPU
		{461971C5-CC43-4595-84AD-A528B43A27E0}.Release|Any CPU.ActiveCfg = Release|Any CPU
		{461971C5-CC43-4595-84AD-A528B43A27E0}.Release|Any CPU.Build.0 = Release|Any CPU
	EndGlobalSection
	GlobalSection(SolutionProperties) = preSolution
		HideSolutionNode = FALSE
	EndGlobalSection
	GlobalSection(ExtensibilityGlobals) = postSolution
		SolutionGuid = {BDBD8743-A0F0-450A-9E9A-48F645F1352A}
	EndGlobalSection
EndGlobal
